// !$*UTF8*$!
{
	archiveVersion = 1;
	classes = {
	};
	objectVersion = 50;
	objects = {

/* Begin PBXBuildFile section */
		AC8EC27C25640787009F19FD /* container.jpg in Resources */ = {isa = PBXBuildFile; fileRef = AC8EC27B25640787009F19FD /* container.jpg */; };
		ACB2A54C25544A5700125E0C /* GLCanvas.m in Sources */ = {isa = PBXBuildFile; fileRef = ACB2A54B25544A5700125E0C /* GLCanvas.m */; };
		ACB2A55125544ACD00125E0C /* GLCanvasController.mm in Sources */ = {isa = PBXBuildFile; fileRef = ACB2A55025544ACD00125E0C /* GLCanvasController.mm */; };
		ACB2A5572554528000125E0C /* GLRenderer.cpp in Sources */ = {isa = PBXBuildFile; fileRef = ACB2A5552554528000125E0C /* GLRenderer.cpp */; };
		ACB2A55C2554533700125E0C /* GLTriangleRenderer.cpp in Sources */ = {isa = PBXBuildFile; fileRef = ACB2A55A2554533700125E0C /* GLTriangleRenderer.cpp */; };
		ACB2A5652556B4CC00125E0C /* GLEffectRenderViewController.mm in Sources */ = {isa = PBXBuildFile; fileRef = ACB2A5642556B4CC00125E0C /* GLEffectRenderViewController.mm */; };
		ACB2A56A2556B7C400125E0C /* GLRectangleRenderer.cpp in Sources */ = {isa = PBXBuildFile; fileRef = ACB2A5682556B7C400125E0C /* GLRectangleRenderer.cpp */; };
		ACEF1F9225544307008E3F78 /* AppDelegate.m in Sources */ = {isa = PBXBuildFile; fileRef = ACEF1F9125544307008E3F78 /* AppDelegate.m */; };
		ACEF1F9D25544308008E3F78 /* Assets.xcassets in Resources */ = {isa = PBXBuildFile; fileRef = ACEF1F9C25544308008E3F78 /* Assets.xcassets */; };
		ACEF1FA025544308008E3F78 /* LaunchScreen.storyboard in Resources */ = {isa = PBXBuildFile; fileRef = ACEF1F9E25544308008E3F78 /* LaunchScreen.storyboard */; };
		ACEF1FA325544308008E3F78 /* main.m in Sources */ = {isa = PBXBuildFile; fileRef = ACEF1FA225544308008E3F78 /* main.m */; };
		ACEF1FB32554441C008E3F78 /* GLHomeViewController.m in Sources */ = {isa = PBXBuildFile; fileRef = ACEF1FB22554441C008E3F78 /* GLHomeViewController.m */; };
		EEE3FC572563D76000C61935 /* GLTextureRenderer.cpp in Sources */ = {isa = PBXBuildFile; fileRef = EEE3FC552563D75F00C61935 /* GLTextureRenderer.cpp */; };
		EEE3FC5C2563DBA000C61935 /* GLDisplayLink.m in Sources */ = {isa = PBXBuildFile; fileRef = EEE3FC5B2563DBA000C61935 /* GLDisplayLink.m */; };
/* End PBXBuildFile section */

/* Begin PBXFileReference section */
		AC8EC27B25640787009F19FD /* container.jpg */ = {isa = PBXFileReference; lastKnownFileType = image.jpeg; path = container.jpg; sourceTree = "<group>"; };
		ACB2A54A25544A5700125E0C /* GLCanvas.h */ = {isa = PBXFileReference; lastKnownFileType = sourcecode.c.h; path = GLCanvas.h; sourceTree = "<group>"; };
		ACB2A54B25544A5700125E0C /* GLCanvas.m */ = {isa = PBXFileReference; lastKnownFileType = sourcecode.c.objc; path = GLCanvas.m; sourceTree = "<group>"; };
		ACB2A54F25544ACD00125E0C /* GLCanvasController.h */ = {isa = PBXFileReference; lastKnownFileType = sourcecode.c.h; path = GLCanvasController.h; sourceTree = "<group>"; };
		ACB2A55025544ACD00125E0C /* GLCanvasController.mm */ = {isa = PBXFileReference; lastKnownFileType = sourcecode.cpp.objcpp; path = GLCanvasController.mm; sourceTree = "<group>"; };
		ACB2A5552554528000125E0C /* GLRenderer.cpp */ = {isa = PBXFileReference; lastKnownFileType = sourcecode.cpp.cpp; path = GLRenderer.cpp; sourceTree = "<group>"; };
		ACB2A5562554528000125E0C /* GLRenderer.hpp */ = {isa = PBXFileReference; lastKnownFileType = sourcecode.cpp.h; path = GLRenderer.hpp; sourceTree = "<group>"; };
		ACB2A55A2554533700125E0C /* GLTriangleRenderer.cpp */ = {isa = PBXFileReference; lastKnownFileType = sourcecode.cpp.cpp; path = GLTriangleRenderer.cpp; sourceTree = "<group>"; };
		ACB2A55B2554533700125E0C /* GLTriangleRenderer.hpp */ = {isa = PBXFileReference; lastKnownFileType = sourcecode.cpp.h; path = GLTriangleRenderer.hpp; sourceTree = "<group>"; };
		ACB2A5632556B4CC00125E0C /* GLEffectRenderViewController.h */ = {isa = PBXFileReference; lastKnownFileType = sourcecode.c.h; path = GLEffectRenderViewController.h; sourceTree = "<group>"; };
		ACB2A5642556B4CC00125E0C /* GLEffectRenderViewController.mm */ = {isa = PBXFileReference; lastKnownFileType = sourcecode.cpp.objcpp; path = GLEffectRenderViewController.mm; sourceTree = "<group>"; };
		ACB2A5682556B7C400125E0C /* GLRectangleRenderer.cpp */ = {isa = PBXFileReference; lastKnownFileType = sourcecode.cpp.cpp; path = GLRectangleRenderer.cpp; sourceTree = "<group>"; };
		ACB2A5692556B7C400125E0C /* GLRectangleRenderer.hpp */ = {isa = PBXFileReference; lastKnownFileType = sourcecode.cpp.h; path = GLRectangleRenderer.hpp; sourceTree = "<group>"; };
		ACEF1F8D25544307008E3F78 /* LearnOpenGL.app */ = {isa = PBXFileReference; explicitFileType = wrapper.application; includeInIndex = 0; path = LearnOpenGL.app; sourceTree = BUILT_PRODUCTS_DIR; };
		ACEF1F9025544307008E3F78 /* AppDelegate.h */ = {isa = PBXFileReference; lastKnownFileType = sourcecode.c.h; path = AppDelegate.h; sourceTree = "<group>"; };
		ACEF1F9125544307008E3F78 /* AppDelegate.m */ = {isa = PBXFileReference; lastKnownFileType = sourcecode.c.objc; path = AppDelegate.m; sourceTree = "<group>"; };
		ACEF1F9C25544308008E3F78 /* Assets.xcassets */ = {isa = PBXFileReference; lastKnownFileType = folder.assetcatalog; path = Assets.xcassets; sourceTree = "<group>"; };
		ACEF1F9F25544308008E3F78 /* Base */ = {isa = PBXFileReference; lastKnownFileType = file.storyboard; name = Base; path = Base.lproj/LaunchScreen.storyboard; sourceTree = "<group>"; };
		ACEF1FA125544308008E3F78 /* Info.plist */ = {isa = PBXFileReference; lastKnownFileType = text.plist.xml; path = Info.plist; sourceTree = "<group>"; };
		ACEF1FA225544308008E3F78 /* main.m */ = {isa = PBXFileReference; lastKnownFileType = sourcecode.c.objc; path = main.m; sourceTree = "<group>"; };
		ACEF1FB12554441C008E3F78 /* GLHomeViewController.h */ = {isa = PBXFileReference; lastKnownFileType = sourcecode.c.h; path = GLHomeViewController.h; sourceTree = "<group>"; };
		ACEF1FB22554441C008E3F78 /* GLHomeViewController.m */ = {isa = PBXFileReference; lastKnownFileType = sourcecode.c.objc; path = GLHomeViewController.m; sourceTree = "<group>"; };
		EEE3FC542563D69E00C61935 /* stb_image.h */ = {isa = PBXFileReference; fileEncoding = 4; lastKnownFileType = sourcecode.c.h; path = stb_image.h; sourceTree = "<group>"; };
		EEE3FC552563D75F00C61935 /* GLTextureRenderer.cpp */ = {isa = PBXFileReference; lastKnownFileType = sourcecode.cpp.cpp; path = GLTextureRenderer.cpp; sourceTree = "<group>"; };
		EEE3FC562563D76000C61935 /* GLTextureRenderer.hpp */ = {isa = PBXFileReference; lastKnownFileType = sourcecode.cpp.h; path = GLTextureRenderer.hpp; sourceTree = "<group>"; };
		EEE3FC5A2563DBA000C61935 /* GLDisplayLink.h */ = {isa = PBXFileReference; lastKnownFileType = sourcecode.c.h; path = GLDisplayLink.h; sourceTree = "<group>"; };
		EEE3FC5B2563DBA000C61935 /* GLDisplayLink.m */ = {isa = PBXFileReference; lastKnownFileType = sourcecode.c.objc; path = GLDisplayLink.m; sourceTree = "<group>"; };
/* End PBXFileReference section */

/* Begin PBXFrameworksBuildPhase section */
		ACEF1F8A25544307008E3F78 /* Frameworks */ = {
			isa = PBXFrameworksBuildPhase;
			buildActionMask = 2147483647;
			files = (
			);
			runOnlyForDeploymentPostprocessing = 0;
		};
/* End PBXFrameworksBuildPhase section */

/* Begin PBXGroup section */
		AC8EC27A25640787009F19FD /* Assets */ = {
			isa = PBXGroup;
			children = (
				AC8EC27B25640787009F19FD /* container.jpg */,
			);
			path = Assets;
			sourceTree = "<group>";
		};
		ACB2A54925544A3F00125E0C /* Canvas */ = {
			isa = PBXGroup;
			children = (
				ACB2A54A25544A5700125E0C /* GLCanvas.h */,
				ACB2A54B25544A5700125E0C /* GLCanvas.m */,
				ACB2A54F25544ACD00125E0C /* GLCanvasController.h */,
				ACB2A55025544ACD00125E0C /* GLCanvasController.mm */,
			);
			path = Canvas;
			sourceTree = "<group>";
		};
		ACB2A5542554527000125E0C /* Renderer */ = {
			isa = PBXGroup;
			children = (
				ACB2A5552554528000125E0C /* GLRenderer.cpp */,
				ACB2A5562554528000125E0C /* GLRenderer.hpp */,
				ACB2A55A2554533700125E0C /* GLTriangleRenderer.cpp */,
				ACB2A55B2554533700125E0C /* GLTriangleRenderer.hpp */,
				ACB2A5682556B7C400125E0C /* GLRectangleRenderer.cpp */,
				ACB2A5692556B7C400125E0C /* GLRectangleRenderer.hpp */,
				EEE3FC552563D75F00C61935 /* GLTextureRenderer.cpp */,
				EEE3FC562563D76000C61935 /* GLTextureRenderer.hpp */,
			);
			path = Renderer;
			sourceTree = "<group>";
		};
		ACEF1F8425544307008E3F78 = {
			isa = PBXGroup;
			children = (
				AC8EC27A25640787009F19FD /* Assets */,
				EEE3FC532563D69E00C61935 /* libs */,
				ACEF1F8F25544307008E3F78 /* LearnOpenGL */,
				ACEF1F8E25544307008E3F78 /* Products */,
			);
			sourceTree = "<group>";
		};
		ACEF1F8E25544307008E3F78 /* Products */ = {
			isa = PBXGroup;
			children = (
				ACEF1F8D25544307008E3F78 /* LearnOpenGL.app */,
			);
			name = Products;
			sourceTree = "<group>";
		};
		ACEF1F8F25544307008E3F78 /* LearnOpenGL */ = {
			isa = PBXGroup;
			children = (
				ACEF1FAF255443EC008E3F78 /* Modules */,
				ACEF1F9025544307008E3F78 /* AppDelegate.h */,
				ACEF1F9125544307008E3F78 /* AppDelegate.m */,
				ACEF1F9C25544308008E3F78 /* Assets.xcassets */,
				ACEF1F9E25544308008E3F78 /* LaunchScreen.storyboard */,
				ACEF1FA125544308008E3F78 /* Info.plist */,
				ACEF1FA225544308008E3F78 /* main.m */,
			);
			path = LearnOpenGL;
			sourceTree = "<group>";
		};
		ACEF1FAF255443EC008E3F78 /* Modules */ = {
			isa = PBXGroup;
			children = (
				ACB2A5542554527000125E0C /* Renderer */,
				ACB2A54925544A3F00125E0C /* Canvas */,
				ACEF1FB0255443EC008E3F78 /* Home */,
			);
			path = Modules;
			sourceTree = "<group>";
		};
		ACEF1FB0255443EC008E3F78 /* Home */ = {
			isa = PBXGroup;
			children = (
				ACB2A5632556B4CC00125E0C /* GLEffectRenderViewController.h */,
				ACB2A5642556B4CC00125E0C /* GLEffectRenderViewController.mm */,
				EEE3FC5A2563DBA000C61935 /* GLDisplayLink.h */,
				EEE3FC5B2563DBA000C61935 /* GLDisplayLink.m */,
				ACEF1FB12554441C008E3F78 /* GLHomeViewController.h */,
				ACEF1FB22554441C008E3F78 /* GLHomeViewController.m */,
			);
			path = Home;
			sourceTree = "<group>";
		};
		EEE3FC532563D69E00C61935 /* libs */ = {
			isa = PBXGroup;
			children = (
				EEE3FC542563D69E00C61935 /* stb_image.h */,
			);
			path = libs;
			sourceTree = "<group>";
		};
/* End PBXGroup section */

/* Begin PBXNativeTarget section */
		ACEF1F8C25544307008E3F78 /* LearnOpenGL */ = {
			isa = PBXNativeTarget;
			buildConfigurationList = ACEF1FA625544308008E3F78 /* Build configuration list for PBXNativeTarget "LearnOpenGL" */;
			buildPhases = (
				ACEF1F8925544307008E3F78 /* Sources */,
				ACEF1F8A25544307008E3F78 /* Frameworks */,
				ACEF1F8B25544307008E3F78 /* Resources */,
			);
			buildRules = (
			);
			dependencies = (
			);
			name = LearnOpenGL;
			productName = LearnOpenGL;
			productReference = ACEF1F8D25544307008E3F78 /* LearnOpenGL.app */;
			productType = "com.apple.product-type.application";
		};
/* End PBXNativeTarget section */

/* Begin PBXProject section */
		ACEF1F8525544307008E3F78 /* Project object */ = {
			isa = PBXProject;
			attributes = {
				CLASSPREFIX = GL;
				LastUpgradeCheck = 1210;
				TargetAttributes = {
					ACEF1F8C25544307008E3F78 = {
						CreatedOnToolsVersion = 12.1;
					};
				};
			};
			buildConfigurationList = ACEF1F8825544307008E3F78 /* Build configuration list for PBXProject "LearnOpenGL" */;
			compatibilityVersion = "Xcode 9.3";
			developmentRegion = en;
			hasScannedForEncodings = 0;
			knownRegions = (
				en,
				Base,
			);
			mainGroup = ACEF1F8425544307008E3F78;
			productRefGroup = ACEF1F8E25544307008E3F78 /* Products */;
			projectDirPath = "";
			projectRoot = "";
			targets = (
				ACEF1F8C25544307008E3F78 /* LearnOpenGL */,
			);
		};
/* End PBXProject section */

/* Begin PBXResourcesBuildPhase section */
		ACEF1F8B25544307008E3F78 /* Resources */ = {
			isa = PBXResourcesBuildPhase;
			buildActionMask = 2147483647;
			files = (
				ACEF1FA025544308008E3F78 /* LaunchScreen.storyboard in Resources */,
				AC8EC27C25640787009F19FD /* container.jpg in Resources */,
				ACEF1F9D25544308008E3F78 /* Assets.xcassets in Resources */,
			);
			runOnlyForDeploymentPostprocessing = 0;
		};
/* End PBXResourcesBuildPhase section */

/* Begin PBXSourcesBuildPhase section */
		ACEF1F8925544307008E3F78 /* Sources */ = {
			isa = PBXSourcesBuildPhase;
			buildActionMask = 2147483647;
			files = (
				ACB2A5652556B4CC00125E0C /* GLEffectRenderViewController.mm in Sources */,
				ACB2A55125544ACD00125E0C /* GLCanvasController.mm in Sources */,
				EEE3FC5C2563DBA000C61935 /* GLDisplayLink.m in Sources */,
				ACB2A54C25544A5700125E0C /* GLCanvas.m in Sources */,
				ACB2A56A2556B7C400125E0C /* GLRectangleRenderer.cpp in Sources */,
				ACEF1F9225544307008E3F78 /* AppDelegate.m in Sources */,
				ACEF1FA325544308008E3F78 /* main.m in Sources */,
				ACEF1FB32554441C008E3F78 /* GLHomeViewController.m in Sources */,
				ACB2A55C2554533700125E0C /* GLTriangleRenderer.cpp in Sources */,
				ACB2A5572554528000125E0C /* GLRenderer.cpp in Sources */,
				EEE3FC572563D76000C61935 /* GLTextureRenderer.cpp in Sources */,
			);
			runOnlyForDeploymentPostprocessing = 0;
		};
/* End PBXSourcesBuildPhase section */

/* Begin PBXVariantGroup section */
		ACEF1F9E25544308008E3F78 /* LaunchScreen.storyboard */ = {
			isa = PBXVariantGroup;
			children = (
				ACEF1F9F25544308008E3F78 /* Base */,
			);
			name = LaunchScreen.storyboard;
			sourceTree = "<group>";
		};
/* End PBXVariantGroup section */

/* Begin XCBuildConfiguration section */
		ACEF1FA425544308008E3F78 /* Debug */ = {
			isa = XCBuildConfiguration;
			buildSettings = {
				ALWAYS_SEARCH_USER_PATHS = NO;
				CLANG_ANALYZER_NONNULL = YES;
				CLANG_ANALYZER_NUMBER_OBJECT_CONVERSION = YES_AGGRESSIVE;
				CLANG_CXX_LANGUAGE_STANDARD = "gnu++14";
				CLANG_CXX_LIBRARY = "libc++";
				CLANG_ENABLE_MODULES = YES;
				CLANG_ENABLE_OBJC_ARC = YES;
				CLANG_ENABLE_OBJC_WEAK = YES;
				CLANG_WARN_BLOCK_CAPTURE_AUTORELEASING = YES;
				CLANG_WARN_BOOL_CONVERSION = YES;
				CLANG_WARN_COMMA = YES;
				CLANG_WARN_CONSTANT_CONVERSION = YES;
				CLANG_WARN_DEPRECATED_OBJC_IMPLEMENTATIONS = YES;
				CLANG_WARN_DIRECT_OBJC_ISA_USAGE = YES_ERROR;
				CLANG_WARN_DOCUMENTATION_COMMENTS = YES;
				CLANG_WARN_EMPTY_BODY = YES;
				CLANG_WARN_ENUM_CONVERSION = YES;
				CLANG_WARN_INFINITE_RECURSION = YES;
				CLANG_WARN_INT_CONVERSION = YES;
				CLANG_WARN_NON_LITERAL_NULL_CONVERSION = YES;
				CLANG_WARN_OBJC_IMPLICIT_RETAIN_SELF = YES;
				CLANG_WARN_OBJC_LITERAL_CONVERSION = YES;
				CLANG_WARN_OBJC_ROOT_CLASS = YES_ERROR;
				CLANG_WARN_QUOTED_INCLUDE_IN_FRAMEWORK_HEADER = YES;
				CLANG_WARN_RANGE_LOOP_ANALYSIS = YES;
				CLANG_WARN_STRICT_PROTOTYPES = YES;
				CLANG_WARN_SUSPICIOUS_MOVE = YES;
				CLANG_WARN_UNGUARDED_AVAILABILITY = YES_AGGRESSIVE;
				CLANG_WARN_UNREACHABLE_CODE = YES;
				CLANG_WARN__DUPLICATE_METHOD_MATCH = YES;
				COPY_PHASE_STRIP = NO;
				DEBUG_INFORMATION_FORMAT = dwarf;
				ENABLE_STRICT_OBJC_MSGSEND = YES;
				ENABLE_TESTABILITY = YES;
				GCC_C_LANGUAGE_STANDARD = gnu11;
				GCC_DYNAMIC_NO_PIC = NO;
				GCC_NO_COMMON_BLOCKS = YES;
				GCC_OPTIMIZATION_LEVEL = 0;
				GCC_PREPROCESSOR_DEFINITIONS = (
					"DEBUG=1",
					"$(inherited)",
				);
				GCC_WARN_64_TO_32_BIT_CONVERSION = YES;
				GCC_WARN_ABOUT_RETURN_TYPE = YES_ERROR;
				GCC_WARN_UNDECLARED_SELECTOR = YES;
				GCC_WARN_UNINITIALIZED_AUTOS = YES_AGGRESSIVE;
				GCC_WARN_UNUSED_FUNCTION = YES;
				GCC_WARN_UNUSED_VARIABLE = YES;
				IPHONEOS_DEPLOYMENT_TARGET = 12.0;
				MTL_ENABLE_DEBUG_INFO = INCLUDE_SOURCE;
				MTL_FAST_MATH = YES;
				ONLY_ACTIVE_ARCH = YES;
				SDKROOT = iphoneos;
			};
			name = Debug;
		};
		ACEF1FA525544308008E3F78 /* Release */ = {
			isa = XCBuildConfiguration;
			buildSettings = {
				ALWAYS_SEARCH_USER_PATHS = NO;
				CLANG_ANALYZER_NONNULL = YES;
				CLANG_ANALYZER_NUMBER_OBJECT_CONVERSION = YES_AGGRESSIVE;
				CLANG_CXX_LANGUAGE_STANDARD = "gnu++14";
				CLANG_CXX_LIBRARY = "libc++";
				CLANG_ENABLE_MODULES = YES;
				CLANG_ENABLE_OBJC_ARC = YES;
				CLANG_ENABLE_OBJC_WEAK = YES;
				CLANG_WARN_BLOCK_CAPTURE_AUTORELEASING = YES;
				CLANG_WARN_BOOL_CONVERSION = YES;
				CLANG_WARN_COMMA = YES;
				CLANG_WARN_CONSTANT_CONVERSION = YES;
				CLANG_WARN_DEPRECATED_OBJC_IMPLEMENTATIONS = YES;
				CLANG_WARN_DIRECT_OBJC_ISA_USAGE = YES_ERROR;
				CLANG_WARN_DOCUMENTATION_COMMENTS = YES;
				CLANG_WARN_EMPTY_BODY = YES;
				CLANG_WARN_ENUM_CONVERSION = YES;
				CLANG_WARN_INFINITE_RECURSION = YES;
				CLANG_WARN_INT_CONVERSION = YES;
				CLANG_WARN_NON_LITERAL_NULL_CONVERSION = YES;
				CLANG_WARN_OBJC_IMPLICIT_RETAIN_SELF = YES;
				CLANG_WARN_OBJC_LITERAL_CONVERSION = YES;
				CLANG_WARN_OBJC_ROOT_CLASS = YES_ERROR;
				CLANG_WARN_QUOTED_INCLUDE_IN_FRAMEWORK_HEADER = YES;
				CLANG_WARN_RANGE_LOOP_ANALYSIS = YES;
				CLANG_WARN_STRICT_PROTOTYPES = YES;
				CLANG_WARN_SUSPICIOUS_MOVE = YES;
				CLANG_WARN_UNGUARDED_AVAILABILITY = YES_AGGRESSIVE;
				CLANG_WARN_UNREACHABLE_CODE = YES;
				CLANG_WARN__DUPLICATE_METHOD_MATCH = YES;
				COPY_PHASE_STRIP = NO;
				DEBUG_INFORMATION_FORMAT = "dwarf-with-dsym";
				ENABLE_NS_ASSERTIONS = NO;
				ENABLE_STRICT_OBJC_MSGSEND = YES;
				GCC_C_LANGUAGE_STANDARD = gnu11;
				GCC_NO_COMMON_BLOCKS = YES;
				GCC_WARN_64_TO_32_BIT_CONVERSION = YES;
				GCC_WARN_ABOUT_RETURN_TYPE = YES_ERROR;
				GCC_WARN_UNDECLARED_SELECTOR = YES;
				GCC_WARN_UNINITIALIZED_AUTOS = YES_AGGRESSIVE;
				GCC_WARN_UNUSED_FUNCTION = YES;
				GCC_WARN_UNUSED_VARIABLE = YES;
				IPHONEOS_DEPLOYMENT_TARGET = 12.0;
				MTL_ENABLE_DEBUG_INFO = NO;
				MTL_FAST_MATH = YES;
				SDKROOT = iphoneos;
				VALIDATE_PRODUCT = YES;
			};
			name = Release;
		};
		ACEF1FA725544308008E3F78 /* Debug */ = {
			isa = XCBuildConfiguration;
			buildSettings = {
				ASSETCATALOG_COMPILER_APPICON_NAME = AppIcon;
				ASSETCATALOG_COMPILER_GLOBAL_ACCENT_COLOR_NAME = AccentColor;
				CODE_SIGN_STYLE = Automatic;
				DEVELOPMENT_TEAM = Y39R442P5T;
				GCC_PREPROCESSOR_DEFINITIONS = (
					GLES_SILENCE_DEPRECATION,
					"DEBUG=1",
				);
				INFOPLIST_FILE = LearnOpenGL/Info.plist;
				LD_RUNPATH_SEARCH_PATHS = (
					"$(inherited)",
					"@executable_path/Frameworks",
				);
				PRODUCT_BUNDLE_IDENTIFIER = com.jiangwang.LearnOpenGL;
				PRODUCT_NAME = "$(TARGET_NAME)";
				TARGETED_DEVICE_FAMILY = 1;
			};
			name = Debug;
		};
		ACEF1FA825544308008E3F78 /* Release */ = {
			isa = XCBuildConfiguration;
			buildSettings = {
				ASSETCATALOG_COMPILER_APPICON_NAME = AppIcon;
				ASSETCATALOG_COMPILER_GLOBAL_ACCENT_COLOR_NAME = AccentColor;
				CODE_SIGN_STYLE = Automatic;
				DEVELOPMENT_TEAM = Y39R442P5T;
				GCC_PREPROCESSOR_DEFINITIONS = GLES_SILENCE_DEPRECATION;
				INFOPLIST_FILE = LearnOpenGL/Info.plist;
				LD_RUNPATH_SEARCH_PATHS = (
					"$(inherited)",
					"@executable_path/Frameworks",
				);
				PRODUCT_BUNDLE_IDENTIFIER = com.jiangwang.LearnOpenGL;
				PRODUCT_NAME = "$(TARGET_NAME)";
				TARGETED_DEVICE_FAMILY = 1;
			};
			name = Release;
		};
/* End XCBuildConfiguration section */

/* Begin XCConfigurationList section */
		ACEF1F8825544307008E3F78 /* Build configuration list for PBXProject "LearnOpenGL" */ = {
			isa = XCConfigurationList;
			buildConfigurations = (
				ACEF1FA425544308008E3F78 /* Debug */,
				ACEF1FA525544308008E3F78 /* Release */,
			);
			defaultConfigurationIsVisible = 0;
			defaultConfigurationName = Release;
		};
		ACEF1FA625544308008E3F78 /* Build configuration list for PBXNativeTarget "LearnOpenGL" */ = {
			isa = XCConfigurationList;
			buildConfigurations = (
				ACEF1FA725544308008E3F78 /* Debug */,
				ACEF1FA825544308008E3F78 /* Release */,
			);
			defaultConfigurationIsVisible = 0;
			defaultConfigurationName = Release;
		};
/* End XCConfigurationList section */
	};
	rootObject = ACEF1F8525544307008E3F78 /* Project object */;
}
